
Microsoft Visual Studio Solution File, Format Version 12.00
# Visual Studio 15
VisualStudioVersion = 15.0.28010.2046
MinimumVisualStudioVersion = 10.0.40219.1
Project("{FAE04EC0-301F-11D3-BF4B-00C04F79EFBC}") = "WebApi", "WebApi\WebApi.csproj", "{3738FD4B-666D-4339-A521-D5B4E3EB7A21}"
EndProject
Project("{FAE04EC0-301F-11D3-BF4B-00C04F79EFBC}") = "WebApplication1", "WebApplication1\WebApplication1.csproj", "{D7E53111-5224-47D4-8CB5-7D7C1CA3B4AA}"
EndProject
Global
	GlobalSection(SolutionConfigurationPlatforms) = preSolution
		Debug|Any CPU = Debug|Any CPU
		Release|Any CPU = Release|Any CPU
	EndGlobalSection
	GlobalSection(ProjectConfigurationPlatforms) = postSolution
		{3738FD4B-666D-4339-A521-D5B4E3EB7A21}.Debug|Any CPU.ActiveCfg = Debug|Any CPU
		{3738FD4B-666D-4339-A521-D5B4E3EB7A21}.Debug|Any CPU.Build.0 = Debug|Any CPU
		{3738FD4B-666D-4339-A521-D5B4E3EB7A21}.Release|Any CPU.ActiveCfg = Release|Any CPU
		{3738FD4B-666D-4339-A521-D5B4E3EB7A21}.Release|Any CPU.Build.0 = Release|Any CPU
		{D7E53111-5224-47D4-8CB5-7D7C1CA3B4AA}.Debug|Any CPU.ActiveCfg = Debug|Any CPU
		{D7E53111-5224-47D4-8CB5-7D7C1CA3B4AA}.Debug|Any CPU.Build.0 = Debug|Any CPU
		{D7E53111-5224-47D4-8CB5-7D7C1CA3B4AA}.Release|Any CPU.ActiveCfg = Release|Any CPU
		{D7E53111-5224-47D4-8CB5-7D7C1CA3B4AA}.Release|Any CPU.Build.0 = Release|Any CPU
	EndGlobalSection
	GlobalSection(SolutionProperties) = preSolution
		HideSolutionNode = FALSE
	EndGlobalSection
	GlobalSection(ExtensibilityGlobals) = postSolution
		SolutionGuid = {4B80C79F-CE69-4A45-AC01-3E4B176A43CF}
	EndGlobalSection
EndGlobal
